
Microsoft Visual Studio Solution File, Format Version 12.00
# Visual Studio Version 17
VisualStudioVersion = 17.4.33205.214
MinimumVisualStudioVersion = 10.0.40219.1
Project("{888888A0-9F3D-457C-B088-3A5042F75D52}") = "cycles2", "cycles2\cycles2.pyproj", "{AC314EFB-ABF4-4F8C-8830-035A915F7DD9}"
EndProject
Global
	GlobalSection(SolutionConfigurationPlatforms) = preSolution
		Debug|Any CPU = Debug|Any CPU
		Release|Any CPU = Release|Any CPU
	EndGlobalSection
	GlobalSection(ProjectConfigurationPlatforms) = postSolution
		{AC314EFB-ABF4-4F8C-8830-035A915F7DD9}.Debug|Any CPU.ActiveCfg = Debug|Any CPU
		{AC314EFB-ABF4-4F8C-8830-035A915F7DD9}.Release|Any CPU.ActiveCfg = Release|Any CPU
	EndGlobalSection
	GlobalSection(SolutionProperties) = preSolution
		HideSolutionNode = FALSE
	EndGlobalSection
	GlobalSection(ExtensibilityGlobals) = postSolution
		SolutionGuid = {24783236-F4B0-4379-9936-409D030B7416}
	EndGlobalSection
EndGlobal
